
Microsoft Visual Studio Solution File, Format Version 12.00
# Visual Studio Version 16
VisualStudioVersion = 16.0.29424.173
MinimumVisualStudioVersion = 10.0.40219.1
Project("{FAE04EC0-301F-11D3-BF4B-00C04F79EFBC}") = "AnaliseOperante", "AnaliseOperante\AnaliseOperante.csproj", "{57A90FCD-0AA1-4517-AEF4-9234965670F4}"
EndProject
Global
	GlobalSection(SolutionConfigurationPlatforms) = preSolution
		Debug|Any CPU = Debug|Any CPU
		Release|Any CPU = Release|Any CPU
	EndGlobalSection
	GlobalSection(ProjectConfigurationPlatforms) = postSolution
		{57A90FCD-0AA1-4517-AEF4-9234965670F4}.Debug|Any CPU.ActiveCfg = Debug|Any CPU
		{57A90FCD-0AA1-4517-AEF4-9234965670F4}.Debug|Any CPU.Build.0 = Debug|Any CPU
		{57A90FCD-0AA1-4517-AEF4-9234965670F4}.Release|Any CPU.ActiveCfg = Release|Any CPU
		{57A90FCD-0AA1-4517-AEF4-9234965670F4}.Release|Any CPU.Build.0 = Release|Any CPU
	EndGlobalSection
	GlobalSection(SolutionProperties) = preSolution
		HideSolutionNode = FALSE
	EndGlobalSection
	GlobalSection(ExtensibilityGlobals) = postSolution
		SolutionGuid = {7C40E1F5-F222-4E28-A38F-47480F31BC0B}
	EndGlobalSection
EndGlobal
